
Microsoft Visual Studio Solution File, Format Version 12.00
# Visual Studio Version 17
VisualStudioVersion = 17.0.31912.275
MinimumVisualStudioVersion = 10.0.40219.1
Project("{FAE04EC0-301F-11D3-BF4B-00C04F79EFBC}") = "aray", "aray\aray.csproj", "{97EE3BD6-FF94-4475-B40A-8F328462EC8D}"
EndProject
Global
	GlobalSection(SolutionConfigurationPlatforms) = preSolution
		Debug|Any CPU = Debug|Any CPU
		Release|Any CPU = Release|Any CPU
	EndGlobalSection
	GlobalSection(ProjectConfigurationPlatforms) = postSolution
		{97EE3BD6-FF94-4475-B40A-8F328462EC8D}.Debug|Any CPU.ActiveCfg = Debug|Any CPU
		{97EE3BD6-FF94-4475-B40A-8F328462EC8D}.Debug|Any CPU.Build.0 = Debug|Any CPU
		{97EE3BD6-FF94-4475-B40A-8F328462EC8D}.Release|Any CPU.ActiveCfg = Release|Any CPU
		{97EE3BD6-FF94-4475-B40A-8F328462EC8D}.Release|Any CPU.Build.0 = Release|Any CPU
	EndGlobalSection
	GlobalSection(SolutionProperties) = preSolution
		HideSolutionNode = FALSE
	EndGlobalSection
	GlobalSection(ExtensibilityGlobals) = postSolution
		SolutionGuid = {13086961-3391-472A-99D2-46AF280ABB0F}
	EndGlobalSection
EndGlobal
